
Microsoft Visual Studio Solution File, Format Version 12.00
# Visual Studio Version 17
VisualStudioVersion = 17.3.32929.385
MinimumVisualStudioVersion = 10.0.40219.1
Project("{FAE04EC0-301F-11D3-BF4B-00C04F79EFBC}") = "generarDJ", "generarDJ\generarDJ.csproj", "{2DC0469B-7BB7-41C3-8604-FCCC0086B79B}"
EndProject
Global
	GlobalSection(SolutionConfigurationPlatforms) = preSolution
		Debug|Any CPU = Debug|Any CPU
		Release|Any CPU = Release|Any CPU
	EndGlobalSection
	GlobalSection(ProjectConfigurationPlatforms) = postSolution
		{2DC0469B-7BB7-41C3-8604-FCCC0086B79B}.Debug|Any CPU.ActiveCfg = Debug|Any CPU
		{2DC0469B-7BB7-41C3-8604-FCCC0086B79B}.Debug|Any CPU.Build.0 = Debug|Any CPU
		{2DC0469B-7BB7-41C3-8604-FCCC0086B79B}.Release|Any CPU.ActiveCfg = Release|Any CPU
		{2DC0469B-7BB7-41C3-8604-FCCC0086B79B}.Release|Any CPU.Build.0 = Release|Any CPU
	EndGlobalSection
	GlobalSection(SolutionProperties) = preSolution
		HideSolutionNode = FALSE
	EndGlobalSection
	GlobalSection(ExtensibilityGlobals) = postSolution
		SolutionGuid = {11394804-B11A-4351-BD9B-D76FF191848C}
	EndGlobalSection
EndGlobal
